
Microsoft Visual Studio Solution File, Format Version 12.00
# Visual Studio 15
VisualStudioVersion = 15.0.26430.16
MinimumVisualStudioVersion = 10.0.40219.1
Project("{8BC9CEB8-8B4A-11D0-8D11-00A0C91BC942}") = "RootFinder", "Source\RootFinder\RootFinder.vcxproj", "{E383D7AE-A66D-4D28-955A-B401EED86E0D}"
EndProject
Project("{8BC9CEB8-8B4A-11D0-8D11-00A0C91BC942}") = "MotorController", "Source\MotorController\MotorController.vcxproj", "{0E9CA226-0F18-4350-ADA6-792D2D13FF9E}"
EndProject
Project("{8BC9CEB8-8B4A-11D0-8D11-00A0C91BC942}") = "MotorControllerTests", "Tests\MotorControllerTests\MotorControllerTests.vcxproj", "{F2B66EDC-F6D4-4DFC-948D-777E2ECE22CB}"
EndProject
Project("{8BC9CEB8-8B4A-11D0-8D11-00A0C91BC942}") = "Calculation", "Source\Calculation\Calculation.vcxproj", "{745FA090-C643-4EB9-8F7F-A0202E1B0391}"
EndProject
Project("{2150E333-8FDC-42A3-9474-1A3956D46DE8}") = "Solution Items", "Solution Items", "{39F13375-FB2C-4338-B981-D36B2A95AE9E}"
	ProjectSection(SolutionItems) = preProject
		_Globals\BuildProps\SCA.props = _Globals\BuildProps\SCA.props
		_Globals\BuildProps\SonarQube.StaticAnalysis.props = _Globals\BuildProps\SonarQube.StaticAnalysis.props
	EndProjectSection
EndProject
Project("{8BC9CEB8-8B4A-11D0-8D11-00A0C91BC942}") = "CalculationTests", "Tests\CalculationTests\CalculationTests.vcxproj", "{3630D639-E0CD-49CF-9CE6-AAF389217719}"
EndProject
Project("{8BC9CEB8-8B4A-11D0-8D11-00A0C91BC942}") = "RootFinderTests", "Tests\RootFinderTests\RootFinderTests.vcxproj", "{B70D5C76-1A2E-4699-8C99-0CDD5EE05D1B}"
EndProject
Project("{8BC9CEB8-8B4A-11D0-8D11-00A0C91BC942}") = "SQCxxTestData", "Source\SQCxxTestData\SQCxxTestData.vcxproj", "{D6CF9655-E063-4F39-9401-FB0B77AC3347}"
EndProject
Project("{8BC9CEB8-8B4A-11D0-8D11-00A0C91BC942}") = "SQCxxTestDataTests", "Tests\SQCxxTestDataTests\SQCxxTestDataTests.vcxproj", "{438529AA-49B2-469F-BB33-BF8F64AC56AF}"
EndProject
Global
	GlobalSection(SolutionConfigurationPlatforms) = preSolution
		Debug|x64 = Debug|x64
		Debug|x86 = Debug|x86
		Release|x64 = Release|x64
		Release|x86 = Release|x86
	EndGlobalSection
	GlobalSection(ProjectConfigurationPlatforms) = postSolution
		{E383D7AE-A66D-4D28-955A-B401EED86E0D}.Debug|x64.ActiveCfg = Debug|Win32
		{E383D7AE-A66D-4D28-955A-B401EED86E0D}.Debug|x64.Build.0 = Debug|Win32
		{E383D7AE-A66D-4D28-955A-B401EED86E0D}.Debug|x86.ActiveCfg = Debug|Win32
		{E383D7AE-A66D-4D28-955A-B401EED86E0D}.Debug|x86.Build.0 = Debug|Win32
		{E383D7AE-A66D-4D28-955A-B401EED86E0D}.Release|x64.ActiveCfg = Release|x64
		{E383D7AE-A66D-4D28-955A-B401EED86E0D}.Release|x64.Build.0 = Release|x64
		{E383D7AE-A66D-4D28-955A-B401EED86E0D}.Release|x86.ActiveCfg = Release|Win32
		{E383D7AE-A66D-4D28-955A-B401EED86E0D}.Release|x86.Build.0 = Release|Win32
		{0E9CA226-0F18-4350-ADA6-792D2D13FF9E}.Debug|x64.ActiveCfg = Debug|x64
		{0E9CA226-0F18-4350-ADA6-792D2D13FF9E}.Debug|x64.Build.0 = Debug|x64
		{0E9CA226-0F18-4350-ADA6-792D2D13FF9E}.Debug|x86.ActiveCfg = Debug|Win32
		{0E9CA226-0F18-4350-ADA6-792D2D13FF9E}.Debug|x86.Build.0 = Debug|Win32
		{0E9CA226-0F18-4350-ADA6-792D2D13FF9E}.Release|x64.ActiveCfg = Release|x64
		{0E9CA226-0F18-4350-ADA6-792D2D13FF9E}.Release|x64.Build.0 = Release|x64
		{0E9CA226-0F18-4350-ADA6-792D2D13FF9E}.Release|x86.ActiveCfg = Release|Win32
		{0E9CA226-0F18-4350-ADA6-792D2D13FF9E}.Release|x86.Build.0 = Release|Win32
		{F2B66EDC-F6D4-4DFC-948D-777E2ECE22CB}.Debug|x64.ActiveCfg = Debug|x64
		{F2B66EDC-F6D4-4DFC-948D-777E2ECE22CB}.Debug|x64.Build.0 = Debug|x64
		{F2B66EDC-F6D4-4DFC-948D-777E2ECE22CB}.Debug|x86.ActiveCfg = Debug|Win32
		{F2B66EDC-F6D4-4DFC-948D-777E2ECE22CB}.Debug|x86.Build.0 = Debug|Win32
		{F2B66EDC-F6D4-4DFC-948D-777E2ECE22CB}.Release|x64.ActiveCfg = Release|x64
		{F2B66EDC-F6D4-4DFC-948D-777E2ECE22CB}.Release|x64.Build.0 = Release|x64
		{F2B66EDC-F6D4-4DFC-948D-777E2ECE22CB}.Release|x86.ActiveCfg = Release|Win32
		{F2B66EDC-F6D4-4DFC-948D-777E2ECE22CB}.Release|x86.Build.0 = Release|Win32
		{745FA090-C643-4EB9-8F7F-A0202E1B0391}.Debug|x64.ActiveCfg = Debug|x64
		{745FA090-C643-4EB9-8F7F-A0202E1B0391}.Debug|x64.Build.0 = Debug|x64
		{745FA090-C643-4EB9-8F7F-A0202E1B0391}.Debug|x86.ActiveCfg = Debug|Win32
		{745FA090-C643-4EB9-8F7F-A0202E1B0391}.Debug|x86.Build.0 = Debug|Win32
		{745FA090-C643-4EB9-8F7F-A0202E1B0391}.Release|x64.ActiveCfg = Release|x64
		{745FA090-C643-4EB9-8F7F-A0202E1B0391}.Release|x64.Build.0 = Release|x64
		{745FA090-C643-4EB9-8F7F-A0202E1B0391}.Release|x86.ActiveCfg = Release|Win32
		{745FA090-C643-4EB9-8F7F-A0202E1B0391}.Release|x86.Build.0 = Release|Win32
		{3630D639-E0CD-49CF-9CE6-AAF389217719}.Debug|x64.ActiveCfg = Debug|x64
		{3630D639-E0CD-49CF-9CE6-AAF389217719}.Debug|x64.Build.0 = Debug|x64
		{3630D639-E0CD-49CF-9CE6-AAF389217719}.Debug|x86.ActiveCfg = Debug|Win32
		{3630D639-E0CD-49CF-9CE6-AAF389217719}.Debug|x86.Build.0 = Debug|Win32
		{3630D639-E0CD-49CF-9CE6-AAF389217719}.Release|x64.ActiveCfg = Release|x64
		{3630D639-E0CD-49CF-9CE6-AAF389217719}.Release|x64.Build.0 = Release|x64
		{3630D639-E0CD-49CF-9CE6-AAF389217719}.Release|x86.ActiveCfg = Release|Win32
		{3630D639-E0CD-49CF-9CE6-AAF389217719}.Release|x86.Build.0 = Release|Win32
		{B70D5C76-1A2E-4699-8C99-0CDD5EE05D1B}.Debug|x64.ActiveCfg = Debug|x64
		{B70D5C76-1A2E-4699-8C99-0CDD5EE05D1B}.Debug|x64.Build.0 = Debug|x64
		{B70D5C76-1A2E-4699-8C99-0CDD5EE05D1B}.Debug|x86.ActiveCfg = Debug|Win32
		{B70D5C76-1A2E-4699-8C99-0CDD5EE05D1B}.Debug|x86.Build.0 = Debug|Win32
		{B70D5C76-1A2E-4699-8C99-0CDD5EE05D1B}.Release|x64.ActiveCfg = Release|x64
		{B70D5C76-1A2E-4699-8C99-0CDD5EE05D1B}.Release|x64.Build.0 = Release|x64
		{B70D5C76-1A2E-4699-8C99-0CDD5EE05D1B}.Release|x86.ActiveCfg = Release|Win32
		{B70D5C76-1A2E-4699-8C99-0CDD5EE05D1B}.Release|x86.Build.0 = Release|Win32
		{D6CF9655-E063-4F39-9401-FB0B77AC3347}.Debug|x64.ActiveCfg = Debug|x64
		{D6CF9655-E063-4F39-9401-FB0B77AC3347}.Debug|x64.Build.0 = Debug|x64
		{D6CF9655-E063-4F39-9401-FB0B77AC3347}.Debug|x86.ActiveCfg = Debug|Win32
		{D6CF9655-E063-4F39-9401-FB0B77AC3347}.Debug|x86.Build.0 = Debug|Win32
		{D6CF9655-E063-4F39-9401-FB0B77AC3347}.Release|x64.ActiveCfg = Release|x64
		{D6CF9655-E063-4F39-9401-FB0B77AC3347}.Release|x64.Build.0 = Release|x64
		{D6CF9655-E063-4F39-9401-FB0B77AC3347}.Release|x86.ActiveCfg = Release|Win32
		{D6CF9655-E063-4F39-9401-FB0B77AC3347}.Release|x86.Build.0 = Release|Win32
		{438529AA-49B2-469F-BB33-BF8F64AC56AF}.Debug|x64.ActiveCfg = Debug|x64
		{438529AA-49B2-469F-BB33-BF8F64AC56AF}.Debug|x64.Build.0 = Debug|x64
		{438529AA-49B2-469F-BB33-BF8F64AC56AF}.Debug|x86.ActiveCfg = Debug|Win32
		{438529AA-49B2-469F-BB33-BF8F64AC56AF}.Release|x64.ActiveCfg = Release|x64
		{438529AA-49B2-469F-BB33-BF8F64AC56AF}.Release|x64.Build.0 = Release|x64
		{438529AA-49B2-469F-BB33-BF8F64AC56AF}.Release|x86.ActiveCfg = Release|Win32
		{438529AA-49B2-469F-BB33-BF8F64AC56AF}.Release|x86.Build.0 = Release|Win32
	EndGlobalSection
	GlobalSection(SolutionProperties) = preSolution
		HideSolutionNode = FALSE
	EndGlobalSection
EndGlobal
